{
  "requires": true,
  "lockfileVersion": 1,
  "dependencies": {
    "@icon/icofont": {
      "version": "1.0.1-alpha.1",
      "resolved": "https://registry.npmjs.org/@icon/icofont/-/icofont-1.0.1-alpha.1.tgz",
      "integrity": "sha512-LF4Fm1Wn+LeKZ5HB+MQAX+DKkdW4Qkf0oIrXD9HgBSuggFTSkwZo+dq8Y+K8pe5WjgWXbalHZegkYRn2ATVlzg=="
    },
    "countup": {
      "version": "1.8.2",
      "resolved": "https://registry.npmjs.org/countup/-/countup-1.8.2.tgz",
      "integrity": "sha512-1qOuy+h+dgLY4TroLb4ZC2hK7HYS2Z7mnSUvdzoYAU7EZbqOse1mKZta/KYPhDPfd9lPDyP3Tb4pH6a10RkoCw=="
    }
  }
}
